// !$*UTF8*$!
{
	archiveVersion = 1;
	classes = {
	};
	objectVersion = 46;
	objects = {

/* Begin PBXBuildFile section */
		0F027056DDE72E8E5E511E69 /* Pods_FormularioContatoViewController.framework in Frameworks */ = {isa = PBXBuildFile; fileRef = E5921DBB7E269A3C2662F93D /* Pods_FormularioContatoViewController.framework */; };
		4C1E0E072244647600C22D27 /* FormularioContatoViewControllerDelegate.swift in Sources */ = {isa = PBXBuildFile; fileRef = 4C1E0E062244647600C22D27 /* FormularioContatoViewControllerDelegate.swift */; };
		4C312E702241CFCC00DBFC68 /* ContatoDao.swift in Sources */ = {isa = PBXBuildFile; fileRef = 4C312E6F2241CFCC00DBFC68 /* ContatoDao.swift */; };
		4C39667F2241B2BC009D8D7C /* AppDelegate.swift in Sources */ = {isa = PBXBuildFile; fileRef = 4C39667E2241B2BC009D8D7C /* AppDelegate.swift */; };
		4C3966812241B2BC009D8D7C /* FormularioContatoViewController.swift in Sources */ = {isa = PBXBuildFile; fileRef = 4C3966802241B2BC009D8D7C /* FormularioContatoViewController.swift */; };
		4C3966842241B2BC009D8D7C /* Main.storyboard in Resources */ = {isa = PBXBuildFile; fileRef = 4C3966822241B2BC009D8D7C /* Main.storyboard */; };
		4C3966872241B2BC009D8D7C /* ContatosIP67_v03.xcdatamodeld in Sources */ = {isa = PBXBuildFile; fileRef = 4C3966852241B2BC009D8D7C /* ContatosIP67_v03.xcdatamodeld */; };
		4C3966892241B2BC009D8D7C /* Assets.xcassets in Resources */ = {isa = PBXBuildFile; fileRef = 4C3966882241B2BC009D8D7C /* Assets.xcassets */; };
		4C39668C2241B2BC009D8D7C /* LaunchScreen.storyboard in Resources */ = {isa = PBXBuildFile; fileRef = 4C39668A2241B2BC009D8D7C /* LaunchScreen.storyboard */; };
		4C3966962241C46E009D8D7C /* Contato.m in Sources */ = {isa = PBXBuildFile; fileRef = 4C3966952241C46E009D8D7C /* Contato.m */; };
		4C4306642243012F00954BEB /* ListaContatosViewControllerTableViewController.swift in Sources */ = {isa = PBXBuildFile; fileRef = 4C4306632243012F00954BEB /* ListaContatosViewControllerTableViewController.swift */; };
		4C7FDC1B2245A76C005E65C1 /* GerenciadorDeAcoes.swift in Sources */ = {isa = PBXBuildFile; fileRef = 4C7FDC1A2245A76C005E65C1 /* GerenciadorDeAcoes.swift */; };
		4CEFBCDD2249915B0084BD78 /* ContatosNoMapaViewController.swift in Sources */ = {isa = PBXBuildFile; fileRef = 4CEFBCDC2249915B0084BD78 /* ContatosNoMapaViewController.swift */; };
/* End PBXBuildFile section */

/* Begin PBXFileReference section */
		19EFC37EF86E9C8B164D8B91 /* Pods-FormularioContatoViewController.release.xcconfig */ = {isa = PBXFileReference; includeInIndex = 1; lastKnownFileType = text.xcconfig; name = "Pods-FormularioContatoViewController.release.xcconfig"; path = "Target Support Files/Pods-FormularioContatoViewController/Pods-FormularioContatoViewController.release.xcconfig"; sourceTree = "<group>"; };
		4C1E0E062244647600C22D27 /* FormularioContatoViewControllerDelegate.swift */ = {isa = PBXFileReference; fileEncoding = 4; lastKnownFileType = sourcecode.swift; path = FormularioContatoViewControllerDelegate.swift; sourceTree = "<group>"; };
		4C312E6F2241CFCC00DBFC68 /* ContatoDao.swift */ = {isa = PBXFileReference; fileEncoding = 4; lastKnownFileType = sourcecode.swift; path = ContatoDao.swift; sourceTree = SOURCE_ROOT; };
		4C39667B2241B2BC009D8D7C /* FormularioContatoViewController.app */ = {isa = PBXFileReference; explicitFileType = wrapper.application; includeInIndex = 0; path = FormularioContatoViewController.app; sourceTree = BUILT_PRODUCTS_DIR; };
		4C39667E2241B2BC009D8D7C /* AppDelegate.swift */ = {isa = PBXFileReference; lastKnownFileType = sourcecode.swift; path = AppDelegate.swift; sourceTree = "<group>"; };
		4C3966802241B2BC009D8D7C /* FormularioContatoViewController.swift */ = {isa = PBXFileReference; lastKnownFileType = sourcecode.swift; path = FormularioContatoViewController.swift; sourceTree = "<group>"; };
		4C3966832241B2BC009D8D7C /* Base */ = {isa = PBXFileReference; lastKnownFileType = file.storyboard; name = Base; path = Base.lproj/Main.storyboard; sourceTree = "<group>"; };
		4C3966862241B2BC009D8D7C /* ContatosIP67_v03.xcdatamodel */ = {isa = PBXFileReference; lastKnownFileType = wrapper.xcdatamodel; path = ContatosIP67_v03.xcdatamodel; sourceTree = "<group>"; };
		4C3966882241B2BC009D8D7C /* Assets.xcassets */ = {isa = PBXFileReference; lastKnownFileType = folder.assetcatalog; path = Assets.xcassets; sourceTree = "<group>"; };
		4C39668B2241B2BC009D8D7C /* Base */ = {isa = PBXFileReference; lastKnownFileType = file.storyboard; name = Base; path = Base.lproj/LaunchScreen.storyboard; sourceTree = "<group>"; };
		4C39668D2241B2BC009D8D7C /* Info.plist */ = {isa = PBXFileReference; lastKnownFileType = text.plist.xml; path = Info.plist; sourceTree = "<group>"; };
		4C3966932241C46E009D8D7C /* FormularioContatoViewController-Bridging-Header.h */ = {isa = PBXFileReference; lastKnownFileType = sourcecode.c.h; path = "FormularioContatoViewController-Bridging-Header.h"; sourceTree = "<group>"; };
		4C3966942241C46E009D8D7C /* Contato.h */ = {isa = PBXFileReference; fileEncoding = 4; lastKnownFileType = sourcecode.c.h; path = Contato.h; sourceTree = SOURCE_ROOT; };
		4C3966952241C46E009D8D7C /* Contato.m */ = {isa = PBXFileReference; fileEncoding = 4; lastKnownFileType = sourcecode.c.objc; path = Contato.m; sourceTree = SOURCE_ROOT; };
		4C4306632243012F00954BEB /* ListaContatosViewControllerTableViewController.swift */ = {isa = PBXFileReference; fileEncoding = 4; lastKnownFileType = sourcecode.swift; path = ListaContatosViewControllerTableViewController.swift; sourceTree = "<group>"; };
		4C7FDC1A2245A76C005E65C1 /* GerenciadorDeAcoes.swift */ = {isa = PBXFileReference; fileEncoding = 4; lastKnownFileType = sourcecode.swift; path = GerenciadorDeAcoes.swift; sourceTree = "<group>"; };
		4CEFBCDC2249915B0084BD78 /* ContatosNoMapaViewController.swift */ = {isa = PBXFileReference; fileEncoding = 4; lastKnownFileType = sourcecode.swift; path = ContatosNoMapaViewController.swift; sourceTree = "<group>"; };
		4CEFBCDE2249AAFF0084BD78 /* Vila Mariana.gpx */ = {isa = PBXFileReference; lastKnownFileType = text.xml; path = "Vila Mariana.gpx"; sourceTree = "<group>"; };
		E5921DBB7E269A3C2662F93D /* Pods_FormularioContatoViewController.framework */ = {isa = PBXFileReference; explicitFileType = wrapper.framework; includeInIndex = 0; path = Pods_FormularioContatoViewController.framework; sourceTree = BUILT_PRODUCTS_DIR; };
		EFD78E4DF85B6D485EF99211 /* Pods-FormularioContatoViewController.debug.xcconfig */ = {isa = PBXFileReference; includeInIndex = 1; lastKnownFileType = text.xcconfig; name = "Pods-FormularioContatoViewController.debug.xcconfig"; path = "Target Support Files/Pods-FormularioContatoViewController/Pods-FormularioContatoViewController.debug.xcconfig"; sourceTree = "<group>"; };
/* End PBXFileReference section */

/* Begin PBXFrameworksBuildPhase section */
		4C3966782241B2BC009D8D7C /* Frameworks */ = {
			isa = PBXFrameworksBuildPhase;
			buildActionMask = 2147483647;
			files = (
				0F027056DDE72E8E5E511E69 /* Pods_FormularioContatoViewController.framework in Frameworks */,
			);
			runOnlyForDeploymentPostprocessing = 0;
		};
/* End PBXFrameworksBuildPhase section */

/* Begin PBXGroup section */
		1A8E6FBF276DBCF0CE5EA5F2 /* Pods */ = {
			isa = PBXGroup;
			children = (
				EFD78E4DF85B6D485EF99211 /* Pods-FormularioContatoViewController.debug.xcconfig */,
				19EFC37EF86E9C8B164D8B91 /* Pods-FormularioContatoViewController.release.xcconfig */,
			);
			path = Pods;
			sourceTree = "<group>";
		};
		1C511C752B5FCA86BE85B871 /* Frameworks */ = {
			isa = PBXGroup;
			children = (
				E5921DBB7E269A3C2662F93D /* Pods_FormularioContatoViewController.framework */,
			);
			name = Frameworks;
			sourceTree = "<group>";
		};
		4C3966722241B2BC009D8D7C = {
			isa = PBXGroup;
			children = (
				4C39667D2241B2BC009D8D7C /* ContatosIP67_v03 */,
				4C39667C2241B2BC009D8D7C /* Products */,
				1A8E6FBF276DBCF0CE5EA5F2 /* Pods */,
				1C511C752B5FCA86BE85B871 /* Frameworks */,
			);
			sourceTree = "<group>";
		};
		4C39667C2241B2BC009D8D7C /* Products */ = {
			isa = PBXGroup;
			children = (
				4C39667B2241B2BC009D8D7C /* FormularioContatoViewController.app */,
			);
			name = Products;
			sourceTree = "<group>";
		};
		4C39667D2241B2BC009D8D7C /* ContatosIP67_v03 */ = {
			isa = PBXGroup;
			children = (
				4C39667E2241B2BC009D8D7C /* AppDelegate.swift */,
				4C3966802241B2BC009D8D7C /* FormularioContatoViewController.swift */,
				4C1E0E062244647600C22D27 /* FormularioContatoViewControllerDelegate.swift */,
				4C312E6F2241CFCC00DBFC68 /* ContatoDao.swift */,
				4C3966942241C46E009D8D7C /* Contato.h */,
				4C3966952241C46E009D8D7C /* Contato.m */,
				4C3966822241B2BC009D8D7C /* Main.storyboard */,
				4CEFBCDC2249915B0084BD78 /* ContatosNoMapaViewController.swift */,
				4C4306632243012F00954BEB /* ListaContatosViewControllerTableViewController.swift */,
				4C3966882241B2BC009D8D7C /* Assets.xcassets */,
				4C39668A2241B2BC009D8D7C /* LaunchScreen.storyboard */,
				4C39668D2241B2BC009D8D7C /* Info.plist */,
				4CEFBCDE2249AAFF0084BD78 /* Vila Mariana.gpx */,
				4C3966852241B2BC009D8D7C /* ContatosIP67_v03.xcdatamodeld */,
				4C3966932241C46E009D8D7C /* FormularioContatoViewController-Bridging-Header.h */,
				4C7FDC1A2245A76C005E65C1 /* GerenciadorDeAcoes.swift */,
			);
			path = ContatosIP67_v03;
			sourceTree = "<group>";
		};
/* End PBXGroup section */

/* Begin PBXNativeTarget section */
		4C39667A2241B2BC009D8D7C /* FormularioContatoViewController */ = {
			isa = PBXNativeTarget;
			buildConfigurationList = 4C3966902241B2BC009D8D7C /* Build configuration list for PBXNativeTarget "FormularioContatoViewController" */;
			buildPhases = (
				15E0E1742FD047B6B32968BF /* [CP] Check Pods Manifest.lock */,
				4C3966772241B2BC009D8D7C /* Sources */,
				4C3966782241B2BC009D8D7C /* Frameworks */,
				4C3966792241B2BC009D8D7C /* Resources */,
				3DA61DE7F72E4BBF2F361C56 /* [CP] Embed Pods Frameworks */,
			);
			buildRules = (
			);
			dependencies = (
			);
			name = FormularioContatoViewController;
			productName = ContatosIP67_v03;
			productReference = 4C39667B2241B2BC009D8D7C /* FormularioContatoViewController.app */;
			productType = "com.apple.product-type.application";
		};
/* End PBXNativeTarget section */

/* Begin PBXProject section */
		4C3966732241B2BC009D8D7C /* Project object */ = {
			isa = PBXProject;
			attributes = {
				LastSwiftUpdateCheck = 0800;
				LastUpgradeCheck = 0800;
				ORGANIZATIONNAME = caelum;
				TargetAttributes = {
					4C39667A2241B2BC009D8D7C = {
						CreatedOnToolsVersion = 8.0;
						DevelopmentTeam = R7S9F4XF5Z;
						LastSwiftMigration = 0800;
						ProvisioningStyle = Automatic;
					};
				};
			};
			buildConfigurationList = 4C3966762241B2BC009D8D7C /* Build configuration list for PBXProject "ContatosIP67_v03" */;
			compatibilityVersion = "Xcode 3.2";
			developmentRegion = English;
			hasScannedForEncodings = 0;
			knownRegions = (
				en,
				Base,
			);
			mainGroup = 4C3966722241B2BC009D8D7C;
			productRefGroup = 4C39667C2241B2BC009D8D7C /* Products */;
			projectDirPath = "";
			projectRoot = "";
			targets = (
				4C39667A2241B2BC009D8D7C /* FormularioContatoViewController */,
			);
		};
/* End PBXProject section */

/* Begin PBXResourcesBuildPhase section */
		4C3966792241B2BC009D8D7C /* Resources */ = {
			isa = PBXResourcesBuildPhase;
			buildActionMask = 2147483647;
			files = (
				4C39668C2241B2BC009D8D7C /* LaunchScreen.storyboard in Resources */,
				4C3966892241B2BC009D8D7C /* Assets.xcassets in Resources */,
				4C3966842241B2BC009D8D7C /* Main.storyboard in Resources */,
			);
			runOnlyForDeploymentPostprocessing = 0;
		};
/* End PBXResourcesBuildPhase section */

/* Begin PBXShellScriptBuildPhase section */
		15E0E1742FD047B6B32968BF /* [CP] Check Pods Manifest.lock */ = {
			isa = PBXShellScriptBuildPhase;
			buildActionMask = 2147483647;
			files = (
			);
			inputPaths = (
				"${PODS_PODFILE_DIR_PATH}/Podfile.lock",
				"${PODS_ROOT}/Manifest.lock",
			);
			name = "[CP] Check Pods Manifest.lock";
			outputPaths = (
				"$(DERIVED_FILE_DIR)/Pods-FormularioContatoViewController-checkManifestLockResult.txt",
			);
			runOnlyForDeploymentPostprocessing = 0;
			shellPath = /bin/sh;
			shellScript = "diff \"${PODS_PODFILE_DIR_PATH}/Podfile.lock\" \"${PODS_ROOT}/Manifest.lock\" > /dev/null\nif [ $? != 0 ] ; then\n    # print error to STDERR\n    echo \"error: The sandbox is not in sync with the Podfile.lock. Run 'pod install' or update your CocoaPods installation.\" >&2\n    exit 1\nfi\n# This output is used by Xcode 'outputs' to avoid re-running this script phase.\necho \"SUCCESS\" > \"${SCRIPT_OUTPUT_FILE_0}\"\n";
			showEnvVarsInLog = 0;
		};
		3DA61DE7F72E4BBF2F361C56 /* [CP] Embed Pods Frameworks */ = {
			isa = PBXShellScriptBuildPhase;
			buildActionMask = 2147483647;
			files = (
			);
			inputPaths = (
				"${PODS_ROOT}/Target Support Files/Pods-FormularioContatoViewController/Pods-FormularioContatoViewController-frameworks.sh",
				"${BUILT_PRODUCTS_DIR}/TPKeyboardAvoiding/TPKeyboardAvoiding.framework",
			);
			name = "[CP] Embed Pods Frameworks";
			outputPaths = (
				"${TARGET_BUILD_DIR}/${FRAMEWORKS_FOLDER_PATH}/TPKeyboardAvoiding.framework",
			);
			runOnlyForDeploymentPostprocessing = 0;
			shellPath = /bin/sh;
			shellScript = "\"${PODS_ROOT}/Target Support Files/Pods-FormularioContatoViewController/Pods-FormularioContatoViewController-frameworks.sh\"\n";
			showEnvVarsInLog = 0;
		};
/* End PBXShellScriptBuildPhase section */

/* Begin PBXSourcesBuildPhase section */
		4C3966772241B2BC009D8D7C /* Sources */ = {
			isa = PBXSourcesBuildPhase;
			buildActionMask = 2147483647;
			files = (
				4C3966962241C46E009D8D7C /* Contato.m in Sources */,
				4C3966812241B2BC009D8D7C /* FormularioContatoViewController.swift in Sources */,
				4CEFBCDD2249915B0084BD78 /* ContatosNoMapaViewController.swift in Sources */,
				4C7FDC1B2245A76C005E65C1 /* GerenciadorDeAcoes.swift in Sources */,
				4C1E0E072244647600C22D27 /* FormularioContatoViewControllerDelegate.swift in Sources */,
				4C312E702241CFCC00DBFC68 /* ContatoDao.swift in Sources */,
				4C3966872241B2BC009D8D7C /* ContatosIP67_v03.xcdatamodeld in Sources */,
				4C39667F2241B2BC009D8D7C /* AppDelegate.swift in Sources */,
				4C4306642243012F00954BEB /* ListaContatosViewControllerTableViewController.swift in Sources */,
			);
			runOnlyForDeploymentPostprocessing = 0;
		};
/* End PBXSourcesBuildPhase section */

/* Begin PBXVariantGroup section */
		4C3966822241B2BC009D8D7C /* Main.storyboard */ = {
			isa = PBXVariantGroup;
			children = (
				4C3966832241B2BC009D8D7C /* Base */,
			);
			name = Main.storyboard;
			sourceTree = "<group>";
		};
		4C39668A2241B2BC009D8D7C /* LaunchScreen.storyboard */ = {
			isa = PBXVariantGroup;
			children = (
				4C39668B2241B2BC009D8D7C /* Base */,
			);
			name = LaunchScreen.storyboard;
			sourceTree = "<group>";
		};
/* End PBXVariantGroup section */

/* Begin XCBuildConfiguration section */
		4C39668E2241B2BC009D8D7C /* Debug */ = {
			isa = XCBuildConfiguration;
			buildSettings = {
				ALWAYS_SEARCH_USER_PATHS = NO;
				CLANG_ANALYZER_NONNULL = YES;
				CLANG_CXX_LANGUAGE_STANDARD = "gnu++0x";
				CLANG_CXX_LIBRARY = "libc++";
				CLANG_ENABLE_MODULES = YES;
				CLANG_ENABLE_OBJC_ARC = YES;
				CLANG_WARN_BOOL_CONVERSION = YES;
				CLANG_WARN_CONSTANT_CONVERSION = YES;
				CLANG_WARN_DIRECT_OBJC_ISA_USAGE = YES_ERROR;
				CLANG_WARN_DOCUMENTATION_COMMENTS = YES;
				CLANG_WARN_EMPTY_BODY = YES;
				CLANG_WARN_ENUM_CONVERSION = YES;
				CLANG_WARN_INFINITE_RECURSION = YES;
				CLANG_WARN_INT_CONVERSION = YES;
				CLANG_WARN_OBJC_ROOT_CLASS = YES_ERROR;
				CLANG_WARN_SUSPICIOUS_MOVES = YES;
				CLANG_WARN_UNREACHABLE_CODE = YES;
				CLANG_WARN__DUPLICATE_METHOD_MATCH = YES;
				"CODE_SIGN_IDENTITY[sdk=iphoneos*]" = "iPhone Developer";
				COPY_PHASE_STRIP = NO;
				DEBUG_INFORMATION_FORMAT = dwarf;
				ENABLE_STRICT_OBJC_MSGSEND = YES;
				ENABLE_TESTABILITY = YES;
				GCC_C_LANGUAGE_STANDARD = gnu99;
				GCC_DYNAMIC_NO_PIC = NO;
				GCC_NO_COMMON_BLOCKS = YES;
				GCC_OPTIMIZATION_LEVEL = 0;
				GCC_PREPROCESSOR_DEFINITIONS = (
					"DEBUG=1",
					"$(inherited)",
				);
				GCC_WARN_64_TO_32_BIT_CONVERSION = YES;
				GCC_WARN_ABOUT_RETURN_TYPE = YES_ERROR;
				GCC_WARN_UNDECLARED_SELECTOR = YES;
				GCC_WARN_UNINITIALIZED_AUTOS = YES_AGGRESSIVE;
				GCC_WARN_UNUSED_FUNCTION = YES;
				GCC_WARN_UNUSED_VARIABLE = YES;
				IPHONEOS_DEPLOYMENT_TARGET = 10.0;
				MTL_ENABLE_DEBUG_INFO = YES;
				ONLY_ACTIVE_ARCH = YES;
				SDKROOT = iphoneos;
				SWIFT_ACTIVE_COMPILATION_CONDITIONS = DEBUG;
				SWIFT_OPTIMIZATION_LEVEL = "-Onone";
			};
			name = Debug;
		};
		4C39668F2241B2BC009D8D7C /* Release */ = {
			isa = XCBuildConfiguration;
			buildSettings = {
				ALWAYS_SEARCH_USER_PATHS = NO;
				CLANG_ANALYZER_NONNULL = YES;
				CLANG_CXX_LANGUAGE_STANDARD = "gnu++0x";
				CLANG_CXX_LIBRARY = "libc++";
				CLANG_ENABLE_MODULES = YES;
				CLANG_ENABLE_OBJC_ARC = YES;
				CLANG_WARN_BOOL_CONVERSION = YES;
				CLANG_WARN_CONSTANT_CONVERSION = YES;
				CLANG_WARN_DIRECT_OBJC_ISA_USAGE = YES_ERROR;
				CLANG_WARN_DOCUMENTATION_COMMENTS = YES;
				CLANG_WARN_EMPTY_BODY = YES;
				CLANG_WARN_ENUM_CONVERSION = YES;
				CLANG_WARN_INFINITE_RECURSION = YES;
				CLANG_WARN_INT_CONVERSION = YES;
				CLANG_WARN_OBJC_ROOT_CLASS = YES_ERROR;
				CLANG_WARN_SUSPICIOUS_MOVES = YES;
				CLANG_WARN_UNREACHABLE_CODE = YES;
				CLANG_WARN__DUPLICATE_METHOD_MATCH = YES;
				"CODE_SIGN_IDENTITY[sdk=iphoneos*]" = "iPhone Developer";
				COPY_PHASE_STRIP = NO;
				DEBUG_INFORMATION_FORMAT = "dwarf-with-dsym";
				ENABLE_NS_ASSERTIONS = NO;
				ENABLE_STRICT_OBJC_MSGSEND = YES;
				GCC_C_LANGUAGE_STANDARD = gnu99;
				GCC_NO_COMMON_BLOCKS = YES;
				GCC_WARN_64_TO_32_BIT_CONVERSION = YES;
				GCC_WARN_ABOUT_RETURN_TYPE = YES_ERROR;
				GCC_WARN_UNDECLARED_SELECTOR = YES;
				GCC_WARN_UNINITIALIZED_AUTOS = YES_AGGRESSIVE;
				GCC_WARN_UNUSED_FUNCTION = YES;
				GCC_WARN_UNUSED_VARIABLE = YES;
				IPHONEOS_DEPLOYMENT_TARGET = 10.0;
				MTL_ENABLE_DEBUG_INFO = NO;
				SDKROOT = iphoneos;
				SWIFT_OPTIMIZATION_LEVEL = "-Owholemodule";
				VALIDATE_PRODUCT = YES;
			};
			name = Release;
		};
		4C3966912241B2BC009D8D7C /* Debug */ = {
			isa = XCBuildConfiguration;
			baseConfigurationReference = EFD78E4DF85B6D485EF99211 /* Pods-FormularioContatoViewController.debug.xcconfig */;
			buildSettings = {
				ASSETCATALOG_COMPILER_APPICON_NAME = AppIcon;
				CLANG_ENABLE_MODULES = YES;
				DEVELOPMENT_TEAM = R7S9F4XF5Z;
				INFOPLIST_FILE = ContatosIP67_v03/Info.plist;
				LD_RUNPATH_SEARCH_PATHS = "$(inherited) @executable_path/Frameworks";
				PRODUCT_BUNDLE_IDENTIFIER = "br.com.clau.ContatosIP67-v03";
				PRODUCT_NAME = "$(TARGET_NAME)";
				SWIFT_OBJC_BRIDGING_HEADER = "ContatosIP67_v03/FormularioContatoViewController-Bridging-Header.h";
				SWIFT_OPTIMIZATION_LEVEL = "-Onone";
				SWIFT_VERSION = 3.0;
			};
			name = Debug;
		};
		4C3966922241B2BC009D8D7C /* Release */ = {
			isa = XCBuildConfiguration;
			baseConfigurationReference = 19EFC37EF86E9C8B164D8B91 /* Pods-FormularioContatoViewController.release.xcconfig */;
			buildSettings = {
				ASSETCATALOG_COMPILER_APPICON_NAME = AppIcon;
				CLANG_ENABLE_MODULES = YES;
				DEVELOPMENT_TEAM = R7S9F4XF5Z;
				INFOPLIST_FILE = ContatosIP67_v03/Info.plist;
				LD_RUNPATH_SEARCH_PATHS = "$(inherited) @executable_path/Frameworks";
				PRODUCT_BUNDLE_IDENTIFIER = "br.com.clau.ContatosIP67-v03";
				PRODUCT_NAME = "$(TARGET_NAME)";
				SWIFT_OBJC_BRIDGING_HEADER = "ContatosIP67_v03/FormularioContatoViewController-Bridging-Header.h";
				SWIFT_VERSION = 3.0;
			};
			name = Release;
		};
/* End XCBuildConfiguration section */

/* Begin XCConfigurationList section */
		4C3966762241B2BC009D8D7C /* Build configuration list for PBXProject "ContatosIP67_v03" */ = {
			isa = XCConfigurationList;
			buildConfigurations = (
				4C39668E2241B2BC009D8D7C /* Debug */,
				4C39668F2241B2BC009D8D7C /* Release */,
			);
			defaultConfigurationIsVisible = 0;
			defaultConfigurationName = Release;
		};
		4C3966902241B2BC009D8D7C /* Build configuration list for PBXNativeTarget "FormularioContatoViewController" */ = {
			isa = XCConfigurationList;
			buildConfigurations = (
				4C3966912241B2BC009D8D7C /* Debug */,
				4C3966922241B2BC009D8D7C /* Release */,
			);
			defaultConfigurationIsVisible = 0;
			defaultConfigurationName = Release;
		};
/* End XCConfigurationList section */

/* Begin XCVersionGroup section */
		4C3966852241B2BC009D8D7C /* ContatosIP67_v03.xcdatamodeld */ = {
			isa = XCVersionGroup;
			children = (
				4C3966862241B2BC009D8D7C /* ContatosIP67_v03.xcdatamodel */,
			);
			currentVersion = 4C3966862241B2BC009D8D7C /* ContatosIP67_v03.xcdatamodel */;
			path = ContatosIP67_v03.xcdatamodeld;
			sourceTree = "<group>";
			versionGroupType = wrapper.xcdatamodel;
		};
/* End XCVersionGroup section */
	};
	rootObject = 4C3966732241B2BC009D8D7C /* Project object */;
}
